{
  "name": "js_scraper",
  "version": "1.0.0",
  "lockfileVersion": 1,
  "requires": true,
  "dependencies": {
    "axios": {
      "version": "0.21.1",
      "resolved": "https://registry.npmjs.org/axios/-/axios-0.21.1.tgz",
      "integrity": "sha512-dKQiRHxGD9PPRIUNIWvZhPTPpl1rf/OxTYKsqKUDjBwYylTvV7SjSHJb9ratfyzM6wCdLCOYLzs73qpg5c4iGA==",
      "requires": {
        "follow-redirects": "^1.10.0"
      }
    },
    "deeks": {
      "version": "2.3.0",
      "resolved": "https://registry.npmjs.org/deeks/-/deeks-2.3.0.tgz",
      "integrity": "sha512-mrNI+TSdnK5s2Gal4Fv3/RGcrYGtB4NC3tTXU1hu74tYsG9JS6SzNKLD8doq6UWsglouGwC86kXqB1pdO+9hyA=="
    },
    "doc-path": {
      "version": "2.2.0",
      "resolved": "https://registry.npmjs.org/doc-path/-/doc-path-2.2.0.tgz",
      "integrity": "sha512-l8velk3nDv2gaV4rnqpRzdKHKcL4gSFlvaqKCDH9uAmbNiOVnTSUuaVcho1PDw5Cq9MfgSwzIDAAv9j8WDB1pg=="
    },
    "follow-redirects": {
      "version": "1.13.1",
      "resolved": "https://registry.npmjs.org/follow-redirects/-/follow-redirects-1.13.1.tgz",
      "integrity": "sha512-SSG5xmZh1mkPGyKzjZP8zLjltIfpW32Y5QpdNJyjcfGxK3qo3NDDkZOZSFiGn1A6SclQxY9GzEwAHQ3dmYRWpg=="
    },
    "json-2-csv": {
      "version": "3.10.1",
      "resolved": "https://registry.npmjs.org/json-2-csv/-/json-2-csv-3.10.1.tgz",
      "integrity": "sha512-umwsH3/wVcgJ92j3sN9a3u/5uT66IB3agP0iKUvEkP/AtP09QqMy1qy044ftjlPXgxYKc4/YMHrp4fJ6y0PAdQ==",
      "requires": {
        "deeks": "2.3.0",
        "doc-path": "2.2.0"
      }
    }
  }
}
